
Microsoft Visual Studio Solution File, Format Version 12.00
# Visual Studio Version 16
VisualStudioVersion = 16.0.30907.101
MinimumVisualStudioVersion = 10.0.40219.1
Project("{FAE04EC0-301F-11D3-BF4B-00C04F79EFBC}") = "Hahn.ApplicatonProcess.December2020.Domain", "Hahn.ApplicatonProcess.December2020.Domain\Hahn.ApplicatonProcess.December2020.Domain.csproj", "{155323DF-442C-4C17-B7C9-D6996FCEA557}"
EndProject
Global
	GlobalSection(SolutionConfigurationPlatforms) = preSolution
		Debug|Any CPU = Debug|Any CPU
		Release|Any CPU = Release|Any CPU
	EndGlobalSection
	GlobalSection(ProjectConfigurationPlatforms) = postSolution
		{155323DF-442C-4C17-B7C9-D6996FCEA557}.Debug|Any CPU.ActiveCfg = Debug|Any CPU
		{155323DF-442C-4C17-B7C9-D6996FCEA557}.Debug|Any CPU.Build.0 = Debug|Any CPU
		{155323DF-442C-4C17-B7C9-D6996FCEA557}.Release|Any CPU.ActiveCfg = Release|Any CPU
		{155323DF-442C-4C17-B7C9-D6996FCEA557}.Release|Any CPU.Build.0 = Release|Any CPU
	EndGlobalSection
	GlobalSection(SolutionProperties) = preSolution
		HideSolutionNode = FALSE
	EndGlobalSection
	GlobalSection(ExtensibilityGlobals) = postSolution
		SolutionGuid = {C35E7434-812C-4522-93E8-838F6FF2BA0D}
	EndGlobalSection
EndGlobal
